// !$*UTF8*$!
{
	archiveVersion = 1;
	classes = {
	};
	objectVersion = 56;
	objects = {

/* Begin PBXBuildFile section */
		B145149D2BFAA55B00F9C7A4 /* SyncUpForm.swift in Sources */ = {isa = PBXBuildFile; fileRef = B145149C2BFAA55B00F9C7A4 /* SyncUpForm.swift */; };
		B145149F2BFB4FEE00F9C7A4 /* ThemePicker.swift in Sources */ = {isa = PBXBuildFile; fileRef = B145149E2BFB4FEE00F9C7A4 /* ThemePicker.swift */; };
		B179DB1A2BEEE350008D47FD /* SyncUpsApp.swift in Sources */ = {isa = PBXBuildFile; fileRef = B179DB192BEEE350008D47FD /* SyncUpsApp.swift */; };
		B179DB1C2BEEE350008D47FD /* ContentView.swift in Sources */ = {isa = PBXBuildFile; fileRef = B179DB1B2BEEE350008D47FD /* ContentView.swift */; };
		B179DB1E2BEEE351008D47FD /* Assets.xcassets in Resources */ = {isa = PBXBuildFile; fileRef = B179DB1D2BEEE351008D47FD /* Assets.xcassets */; };
		B179DB212BEEE351008D47FD /* Preview Assets.xcassets in Resources */ = {isa = PBXBuildFile; fileRef = B179DB202BEEE351008D47FD /* Preview Assets.xcassets */; };
		B179DB352BEEE351008D47FD /* SyncUpsUITests.swift in Sources */ = {isa = PBXBuildFile; fileRef = B179DB342BEEE351008D47FD /* SyncUpsUITests.swift */; };
		B179DB372BEEE351008D47FD /* SyncUpsUITestsLaunchTests.swift in Sources */ = {isa = PBXBuildFile; fileRef = B179DB362BEEE351008D47FD /* SyncUpsUITestsLaunchTests.swift */; };
		B179DB452BEEE3A7008D47FD /* ComposableArchitecture in Frameworks */ = {isa = PBXBuildFile; productRef = B179DB442BEEE3A7008D47FD /* ComposableArchitecture */; };
		B179DB472BEF808A008D47FD /* Models.swift in Sources */ = {isa = PBXBuildFile; fileRef = B179DB462BEF808A008D47FD /* Models.swift */; };
		B179DB4A2BEF8583008D47FD /* Tagged in Frameworks */ = {isa = PBXBuildFile; productRef = B179DB492BEF8583008D47FD /* Tagged */; };
		B179DB4C2BEF8736008D47FD /* SyncUpsList.swift in Sources */ = {isa = PBXBuildFile; fileRef = B179DB4B2BEF8736008D47FD /* SyncUpsList.swift */; };
		B179DB4E2BEFA2C1008D47FD /* TrailingIconLabelStyle.swift in Sources */ = {isa = PBXBuildFile; fileRef = B179DB4D2BEFA2C1008D47FD /* TrailingIconLabelStyle.swift */; };
		B19E0A6B2BFA7C0700C4816E /* SyncUpsListTests.swift in Sources */ = {isa = PBXBuildFile; fileRef = B19E0A6A2BFA7C0700C4816E /* SyncUpsListTests.swift */; };
/* End PBXBuildFile section */

/* Begin PBXContainerItemProxy section */
		B179DB272BEEE351008D47FD /* PBXContainerItemProxy */ = {
			isa = PBXContainerItemProxy;
			containerPortal = B179DB0E2BEEE350008D47FD /* Project object */;
			proxyType = 1;
			remoteGlobalIDString = B179DB152BEEE350008D47FD;
			remoteInfo = SyncUps;
		};
		B179DB312BEEE351008D47FD /* PBXContainerItemProxy */ = {
			isa = PBXContainerItemProxy;
			containerPortal = B179DB0E2BEEE350008D47FD /* Project object */;
			proxyType = 1;
			remoteGlobalIDString = B179DB152BEEE350008D47FD;
			remoteInfo = SyncUps;
		};
/* End PBXContainerItemProxy section */

/* Begin PBXFileReference section */
		B145149C2BFAA55B00F9C7A4 /* SyncUpForm.swift */ = {isa = PBXFileReference; lastKnownFileType = sourcecode.swift; path = SyncUpForm.swift; sourceTree = "<group>"; };
		B145149E2BFB4FEE00F9C7A4 /* ThemePicker.swift */ = {isa = PBXFileReference; lastKnownFileType = sourcecode.swift; path = ThemePicker.swift; sourceTree = "<group>"; };
		B179DB162BEEE350008D47FD /* SyncUps.app */ = {isa = PBXFileReference; explicitFileType = wrapper.application; includeInIndex = 0; path = SyncUps.app; sourceTree = BUILT_PRODUCTS_DIR; };
		B179DB192BEEE350008D47FD /* SyncUpsApp.swift */ = {isa = PBXFileReference; lastKnownFileType = sourcecode.swift; path = SyncUpsApp.swift; sourceTree = "<group>"; };
		B179DB1B2BEEE350008D47FD /* ContentView.swift */ = {isa = PBXFileReference; lastKnownFileType = sourcecode.swift; path = ContentView.swift; sourceTree = "<group>"; };
		B179DB1D2BEEE351008D47FD /* Assets.xcassets */ = {isa = PBXFileReference; lastKnownFileType = folder.assetcatalog; path = Assets.xcassets; sourceTree = "<group>"; };
		B179DB202BEEE351008D47FD /* Preview Assets.xcassets */ = {isa = PBXFileReference; lastKnownFileType = folder.assetcatalog; path = "Preview Assets.xcassets"; sourceTree = "<group>"; };
		B179DB262BEEE351008D47FD /* SyncUpsTests.xctest */ = {isa = PBXFileReference; explicitFileType = wrapper.cfbundle; includeInIndex = 0; path = SyncUpsTests.xctest; sourceTree = BUILT_PRODUCTS_DIR; };
		B179DB302BEEE351008D47FD /* SyncUpsUITests.xctest */ = {isa = PBXFileReference; explicitFileType = wrapper.cfbundle; includeInIndex = 0; path = SyncUpsUITests.xctest; sourceTree = BUILT_PRODUCTS_DIR; };
		B179DB342BEEE351008D47FD /* SyncUpsUITests.swift */ = {isa = PBXFileReference; lastKnownFileType = sourcecode.swift; path = SyncUpsUITests.swift; sourceTree = "<group>"; };
		B179DB362BEEE351008D47FD /* SyncUpsUITestsLaunchTests.swift */ = {isa = PBXFileReference; lastKnownFileType = sourcecode.swift; path = SyncUpsUITestsLaunchTests.swift; sourceTree = "<group>"; };
		B179DB462BEF808A008D47FD /* Models.swift */ = {isa = PBXFileReference; lastKnownFileType = sourcecode.swift; path = Models.swift; sourceTree = "<group>"; };
		B179DB4B2BEF8736008D47FD /* SyncUpsList.swift */ = {isa = PBXFileReference; lastKnownFileType = sourcecode.swift; path = SyncUpsList.swift; sourceTree = "<group>"; };
		B179DB4D2BEFA2C1008D47FD /* TrailingIconLabelStyle.swift */ = {isa = PBXFileReference; lastKnownFileType = sourcecode.swift; path = TrailingIconLabelStyle.swift; sourceTree = "<group>"; };
		B19E0A6A2BFA7C0700C4816E /* SyncUpsListTests.swift */ = {isa = PBXFileReference; lastKnownFileType = sourcecode.swift; path = SyncUpsListTests.swift; sourceTree = "<group>"; };
/* End PBXFileReference section */

/* Begin PBXFrameworksBuildPhase section */
		B179DB132BEEE350008D47FD /* Frameworks */ = {
			isa = PBXFrameworksBuildPhase;
			buildActionMask = 2147483647;
			files = (
				B179DB4A2BEF8583008D47FD /* Tagged in Frameworks */,
				B179DB452BEEE3A7008D47FD /* ComposableArchitecture in Frameworks */,
			);
			runOnlyForDeploymentPostprocessing = 0;
		};
		B179DB232BEEE351008D47FD /* Frameworks */ = {
			isa = PBXFrameworksBuildPhase;
			buildActionMask = 2147483647;
			files = (
			);
			runOnlyForDeploymentPostprocessing = 0;
		};
		B179DB2D2BEEE351008D47FD /* Frameworks */ = {
			isa = PBXFrameworksBuildPhase;
			buildActionMask = 2147483647;
			files = (
			);
			runOnlyForDeploymentPostprocessing = 0;
		};
/* End PBXFrameworksBuildPhase section */

/* Begin PBXGroup section */
		B179DB0D2BEEE350008D47FD = {
			isa = PBXGroup;
			children = (
				B179DB182BEEE350008D47FD /* SyncUps */,
				B179DB292BEEE351008D47FD /* SyncUpsTests */,
				B179DB332BEEE351008D47FD /* SyncUpsUITests */,
				B179DB172BEEE350008D47FD /* Products */,
			);
			sourceTree = "<group>";
		};
		B179DB172BEEE350008D47FD /* Products */ = {
			isa = PBXGroup;
			children = (
				B179DB162BEEE350008D47FD /* SyncUps.app */,
				B179DB262BEEE351008D47FD /* SyncUpsTests.xctest */,
				B179DB302BEEE351008D47FD /* SyncUpsUITests.xctest */,
			);
			name = Products;
			sourceTree = "<group>";
		};
		B179DB182BEEE350008D47FD /* SyncUps */ = {
			isa = PBXGroup;
			children = (
				B179DB1B2BEEE350008D47FD /* ContentView.swift */,
				B179DB462BEF808A008D47FD /* Models.swift */,
				B179DB192BEEE350008D47FD /* SyncUpsApp.swift */,
				B179DB4B2BEF8736008D47FD /* SyncUpsList.swift */,
				B145149C2BFAA55B00F9C7A4 /* SyncUpForm.swift */,
				B145149E2BFB4FEE00F9C7A4 /* ThemePicker.swift */,
				B179DB4D2BEFA2C1008D47FD /* TrailingIconLabelStyle.swift */,
				B179DB1D2BEEE351008D47FD /* Assets.xcassets */,
				B179DB1F2BEEE351008D47FD /* Preview Content */,
			);
			path = SyncUps;
			sourceTree = "<group>";
		};
		B179DB1F2BEEE351008D47FD /* Preview Content */ = {
			isa = PBXGroup;
			children = (
				B179DB202BEEE351008D47FD /* Preview Assets.xcassets */,
			);
			path = "Preview Content";
			sourceTree = "<group>";
		};
		B179DB292BEEE351008D47FD /* SyncUpsTests */ = {
			isa = PBXGroup;
			children = (
				B19E0A6A2BFA7C0700C4816E /* SyncUpsListTests.swift */,
			);
			path = SyncUpsTests;
			sourceTree = "<group>";
		};
		B179DB332BEEE351008D47FD /* SyncUpsUITests */ = {
			isa = PBXGroup;
			children = (
				B179DB342BEEE351008D47FD /* SyncUpsUITests.swift */,
				B179DB362BEEE351008D47FD /* SyncUpsUITestsLaunchTests.swift */,
			);
			path = SyncUpsUITests;
			sourceTree = "<group>";
		};
/* End PBXGroup section */

/* Begin PBXNativeTarget section */
		B179DB152BEEE350008D47FD /* SyncUps */ = {
			isa = PBXNativeTarget;
			buildConfigurationList = B179DB3A2BEEE351008D47FD /* Build configuration list for PBXNativeTarget "SyncUps" */;
			buildPhases = (
				B179DB122BEEE350008D47FD /* Sources */,
				B179DB132BEEE350008D47FD /* Frameworks */,
				B179DB142BEEE350008D47FD /* Resources */,
			);
			buildRules = (
			);
			dependencies = (
			);
			name = SyncUps;
			packageProductDependencies = (
				B179DB442BEEE3A7008D47FD /* ComposableArchitecture */,
				B179DB492BEF8583008D47FD /* Tagged */,
			);
			productName = SyncUps;
			productReference = B179DB162BEEE350008D47FD /* SyncUps.app */;
			productType = "com.apple.product-type.application";
		};
		B179DB252BEEE351008D47FD /* SyncUpsTests */ = {
			isa = PBXNativeTarget;
			buildConfigurationList = B179DB3D2BEEE351008D47FD /* Build configuration list for PBXNativeTarget "SyncUpsTests" */;
			buildPhases = (
				B179DB222BEEE351008D47FD /* Sources */,
				B179DB232BEEE351008D47FD /* Frameworks */,
				B179DB242BEEE351008D47FD /* Resources */,
			);
			buildRules = (
			);
			dependencies = (
				B179DB282BEEE351008D47FD /* PBXTargetDependency */,
			);
			name = SyncUpsTests;
			productName = SyncUpsTests;
			productReference = B179DB262BEEE351008D47FD /* SyncUpsTests.xctest */;
			productType = "com.apple.product-type.bundle.unit-test";
		};
		B179DB2F2BEEE351008D47FD /* SyncUpsUITests */ = {
			isa = PBXNativeTarget;
			buildConfigurationList = B179DB402BEEE351008D47FD /* Build configuration list for PBXNativeTarget "SyncUpsUITests" */;
			buildPhases = (
				B179DB2C2BEEE351008D47FD /* Sources */,
				B179DB2D2BEEE351008D47FD /* Frameworks */,
				B179DB2E2BEEE351008D47FD /* Resources */,
			);
			buildRules = (
			);
			dependencies = (
				B179DB322BEEE351008D47FD /* PBXTargetDependency */,
			);
			name = SyncUpsUITests;
			productName = SyncUpsUITests;
			productReference = B179DB302BEEE351008D47FD /* SyncUpsUITests.xctest */;
			productType = "com.apple.product-type.bundle.ui-testing";
		};
/* End PBXNativeTarget section */

/* Begin PBXProject section */
		B179DB0E2BEEE350008D47FD /* Project object */ = {
			isa = PBXProject;
			attributes = {
				BuildIndependentTargetsInParallel = 1;
				LastSwiftUpdateCheck = 1530;
				LastUpgradeCheck = 1530;
				TargetAttributes = {
					B179DB152BEEE350008D47FD = {
						CreatedOnToolsVersion = 15.3;
					};
					B179DB252BEEE351008D47FD = {
						CreatedOnToolsVersion = 15.3;
						TestTargetID = B179DB152BEEE350008D47FD;
					};
					B179DB2F2BEEE351008D47FD = {
						CreatedOnToolsVersion = 15.3;
						TestTargetID = B179DB152BEEE350008D47FD;
					};
				};
			};
			buildConfigurationList = B179DB112BEEE350008D47FD /* Build configuration list for PBXProject "SyncUps" */;
			compatibilityVersion = "Xcode 14.0";
			developmentRegion = en;
			hasScannedForEncodings = 0;
			knownRegions = (
				en,
				Base,
			);
			mainGroup = B179DB0D2BEEE350008D47FD;
			packageReferences = (
				B179DB432BEEE3A7008D47FD /* XCRemoteSwiftPackageReference "swift-composable-architecture" */,
				B179DB482BEF8583008D47FD /* XCRemoteSwiftPackageReference "swift-tagged" */,
			);
			productRefGroup = B179DB172BEEE350008D47FD /* Products */;
			projectDirPath = "";
			projectRoot = "";
			targets = (
				B179DB152BEEE350008D47FD /* SyncUps */,
				B179DB252BEEE351008D47FD /* SyncUpsTests */,
				B179DB2F2BEEE351008D47FD /* SyncUpsUITests */,
			);
		};
/* End PBXProject section */

/* Begin PBXResourcesBuildPhase section */
		B179DB142BEEE350008D47FD /* Resources */ = {
			isa = PBXResourcesBuildPhase;
			buildActionMask = 2147483647;
			files = (
				B179DB212BEEE351008D47FD /* Preview Assets.xcassets in Resources */,
				B179DB1E2BEEE351008D47FD /* Assets.xcassets in Resources */,
			);
			runOnlyForDeploymentPostprocessing = 0;
		};
		B179DB242BEEE351008D47FD /* Resources */ = {
			isa = PBXResourcesBuildPhase;
			buildActionMask = 2147483647;
			files = (
			);
			runOnlyForDeploymentPostprocessing = 0;
		};
		B179DB2E2BEEE351008D47FD /* Resources */ = {
			isa = PBXResourcesBuildPhase;
			buildActionMask = 2147483647;
			files = (
			);
			runOnlyForDeploymentPostprocessing = 0;
		};
/* End PBXResourcesBuildPhase section */

/* Begin PBXSourcesBuildPhase section */
		B179DB122BEEE350008D47FD /* Sources */ = {
			isa = PBXSourcesBuildPhase;
			buildActionMask = 2147483647;
			files = (
				B179DB472BEF808A008D47FD /* Models.swift in Sources */,
				B179DB4C2BEF8736008D47FD /* SyncUpsList.swift in Sources */,
				B145149F2BFB4FEE00F9C7A4 /* ThemePicker.swift in Sources */,
				B179DB1C2BEEE350008D47FD /* ContentView.swift in Sources */,
				B145149D2BFAA55B00F9C7A4 /* SyncUpForm.swift in Sources */,
				B179DB1A2BEEE350008D47FD /* SyncUpsApp.swift in Sources */,
				B179DB4E2BEFA2C1008D47FD /* TrailingIconLabelStyle.swift in Sources */,
			);
			runOnlyForDeploymentPostprocessing = 0;
		};
		B179DB222BEEE351008D47FD /* Sources */ = {
			isa = PBXSourcesBuildPhase;
			buildActionMask = 2147483647;
			files = (
				B19E0A6B2BFA7C0700C4816E /* SyncUpsListTests.swift in Sources */,
			);
			runOnlyForDeploymentPostprocessing = 0;
		};
		B179DB2C2BEEE351008D47FD /* Sources */ = {
			isa = PBXSourcesBuildPhase;
			buildActionMask = 2147483647;
			files = (
				B179DB372BEEE351008D47FD /* SyncUpsUITestsLaunchTests.swift in Sources */,
				B179DB352BEEE351008D47FD /* SyncUpsUITests.swift in Sources */,
			);
			runOnlyForDeploymentPostprocessing = 0;
		};
/* End PBXSourcesBuildPhase section */

/* Begin PBXTargetDependency section */
		B179DB282BEEE351008D47FD /* PBXTargetDependency */ = {
			isa = PBXTargetDependency;
			target = B179DB152BEEE350008D47FD /* SyncUps */;
			targetProxy = B179DB272BEEE351008D47FD /* PBXContainerItemProxy */;
		};
		B179DB322BEEE351008D47FD /* PBXTargetDependency */ = {
			isa = PBXTargetDependency;
			target = B179DB152BEEE350008D47FD /* SyncUps */;
			targetProxy = B179DB312BEEE351008D47FD /* PBXContainerItemProxy */;
		};
/* End PBXTargetDependency section */

/* Begin XCBuildConfiguration section */
		B179DB382BEEE351008D47FD /* Debug */ = {
			isa = XCBuildConfiguration;
			buildSettings = {
				ALWAYS_SEARCH_USER_PATHS = NO;
				ASSETCATALOG_COMPILER_GENERATE_SWIFT_ASSET_SYMBOL_EXTENSIONS = YES;
				CLANG_ANALYZER_NONNULL = YES;
				CLANG_ANALYZER_NUMBER_OBJECT_CONVERSION = YES_AGGRESSIVE;
				CLANG_CXX_LANGUAGE_STANDARD = "gnu++20";
				CLANG_ENABLE_MODULES = YES;
				CLANG_ENABLE_OBJC_ARC = YES;
				CLANG_ENABLE_OBJC_WEAK = YES;
				CLANG_WARN_BLOCK_CAPTURE_AUTORELEASING = YES;
				CLANG_WARN_BOOL_CONVERSION = YES;
				CLANG_WARN_COMMA = YES;
				CLANG_WARN_CONSTANT_CONVERSION = YES;
				CLANG_WARN_DEPRECATED_OBJC_IMPLEMENTATIONS = YES;
				CLANG_WARN_DIRECT_OBJC_ISA_USAGE = YES_ERROR;
				CLANG_WARN_DOCUMENTATION_COMMENTS = YES;
				CLANG_WARN_EMPTY_BODY = YES;
				CLANG_WARN_ENUM_CONVERSION = YES;
				CLANG_WARN_INFINITE_RECURSION = YES;
				CLANG_WARN_INT_CONVERSION = YES;
				CLANG_WARN_NON_LITERAL_NULL_CONVERSION = YES;
				CLANG_WARN_OBJC_IMPLICIT_RETAIN_SELF = YES;
				CLANG_WARN_OBJC_LITERAL_CONVERSION = YES;
				CLANG_WARN_OBJC_ROOT_CLASS = YES_ERROR;
				CLANG_WARN_QUOTED_INCLUDE_IN_FRAMEWORK_HEADER = YES;
				CLANG_WARN_RANGE_LOOP_ANALYSIS = YES;
				CLANG_WARN_STRICT_PROTOTYPES = YES;
				CLANG_WARN_SUSPICIOUS_MOVE = YES;
				CLANG_WARN_UNGUARDED_AVAILABILITY = YES_AGGRESSIVE;
				CLANG_WARN_UNREACHABLE_CODE = YES;
				CLANG_WARN__DUPLICATE_METHOD_MATCH = YES;
				COPY_PHASE_STRIP = NO;
				DEBUG_INFORMATION_FORMAT = dwarf;
				ENABLE_STRICT_OBJC_MSGSEND = YES;
				ENABLE_TESTABILITY = YES;
				ENABLE_USER_SCRIPT_SANDBOXING = YES;
				GCC_C_LANGUAGE_STANDARD = gnu17;
				GCC_DYNAMIC_NO_PIC = NO;
				GCC_NO_COMMON_BLOCKS = YES;
				GCC_OPTIMIZATION_LEVEL = 0;
				GCC_PREPROCESSOR_DEFINITIONS = (
					"DEBUG=1",
					"$(inherited)",
				);
				GCC_WARN_64_TO_32_BIT_CONVERSION = YES;
				GCC_WARN_ABOUT_RETURN_TYPE = YES_ERROR;
				GCC_WARN_UNDECLARED_SELECTOR = YES;
				GCC_WARN_UNINITIALIZED_AUTOS = YES_AGGRESSIVE;
				GCC_WARN_UNUSED_FUNCTION = YES;
				GCC_WARN_UNUSED_VARIABLE = YES;
				IPHONEOS_DEPLOYMENT_TARGET = 17.4;
				LOCALIZATION_PREFERS_STRING_CATALOGS = YES;
				MTL_ENABLE_DEBUG_INFO = INCLUDE_SOURCE;
				MTL_FAST_MATH = YES;
				ONLY_ACTIVE_ARCH = YES;
				SDKROOT = iphoneos;
				SWIFT_ACTIVE_COMPILATION_CONDITIONS = "DEBUG $(inherited)";
				SWIFT_OPTIMIZATION_LEVEL = "-Onone";
				SWIFT_STRICT_CONCURRENCY = complete;
			};
			name = Debug;
		};
		B179DB392BEEE351008D47FD /* Release */ = {
			isa = XCBuildConfiguration;
			buildSettings = {
				ALWAYS_SEARCH_USER_PATHS = NO;
				ASSETCATALOG_COMPILER_GENERATE_SWIFT_ASSET_SYMBOL_EXTENSIONS = YES;
				CLANG_ANALYZER_NONNULL = YES;
				CLANG_ANALYZER_NUMBER_OBJECT_CONVERSION = YES_AGGRESSIVE;
				CLANG_CXX_LANGUAGE_STANDARD = "gnu++20";
				CLANG_ENABLE_MODULES = YES;
				CLANG_ENABLE_OBJC_ARC = YES;
				CLANG_ENABLE_OBJC_WEAK = YES;
				CLANG_WARN_BLOCK_CAPTURE_AUTORELEASING = YES;
				CLANG_WARN_BOOL_CONVERSION = YES;
				CLANG_WARN_COMMA = YES;
				CLANG_WARN_CONSTANT_CONVERSION = YES;
				CLANG_WARN_DEPRECATED_OBJC_IMPLEMENTATIONS = YES;
				CLANG_WARN_DIRECT_OBJC_ISA_USAGE = YES_ERROR;
				CLANG_WARN_DOCUMENTATION_COMMENTS = YES;
				CLANG_WARN_EMPTY_BODY = YES;
				CLANG_WARN_ENUM_CONVERSION = YES;
				CLANG_WARN_INFINITE_RECURSION = YES;
				CLANG_WARN_INT_CONVERSION = YES;
				CLANG_WARN_NON_LITERAL_NULL_CONVERSION = YES;
				CLANG_WARN_OBJC_IMPLICIT_RETAIN_SELF = YES;
				CLANG_WARN_OBJC_LITERAL_CONVERSION = YES;
				CLANG_WARN_OBJC_ROOT_CLASS = YES_ERROR;
				CLANG_WARN_QUOTED_INCLUDE_IN_FRAMEWORK_HEADER = YES;
				CLANG_WARN_RANGE_LOOP_ANALYSIS = YES;
				CLANG_WARN_STRICT_PROTOTYPES = YES;
				CLANG_WARN_SUSPICIOUS_MOVE = YES;
				CLANG_WARN_UNGUARDED_AVAILABILITY = YES_AGGRESSIVE;
				CLANG_WARN_UNREACHABLE_CODE = YES;
				CLANG_WARN__DUPLICATE_METHOD_MATCH = YES;
				COPY_PHASE_STRIP = NO;
				DEBUG_INFORMATION_FORMAT = "dwarf-with-dsym";
				ENABLE_NS_ASSERTIONS = NO;
				ENABLE_STRICT_OBJC_MSGSEND = YES;
				ENABLE_USER_SCRIPT_SANDBOXING = YES;
				GCC_C_LANGUAGE_STANDARD = gnu17;
				GCC_NO_COMMON_BLOCKS = YES;
				GCC_WARN_64_TO_32_BIT_CONVERSION = YES;
				GCC_WARN_ABOUT_RETURN_TYPE = YES_ERROR;
				GCC_WARN_UNDECLARED_SELECTOR = YES;
				GCC_WARN_UNINITIALIZED_AUTOS = YES_AGGRESSIVE;
				GCC_WARN_UNUSED_FUNCTION = YES;
				GCC_WARN_UNUSED_VARIABLE = YES;
				IPHONEOS_DEPLOYMENT_TARGET = 17.4;
				LOCALIZATION_PREFERS_STRING_CATALOGS = YES;
				MTL_ENABLE_DEBUG_INFO = NO;
				MTL_FAST_MATH = YES;
				SDKROOT = iphoneos;
				SWIFT_COMPILATION_MODE = wholemodule;
				SWIFT_STRICT_CONCURRENCY = complete;
				VALIDATE_PRODUCT = YES;
			};
			name = Release;
		};
		B179DB3B2BEEE351008D47FD /* Debug */ = {
			isa = XCBuildConfiguration;
			buildSettings = {
				ASSETCATALOG_COMPILER_APPICON_NAME = AppIcon;
				ASSETCATALOG_COMPILER_GLOBAL_ACCENT_COLOR_NAME = AccentColor;
				CODE_SIGN_STYLE = Automatic;
				CURRENT_PROJECT_VERSION = 1;
				DEVELOPMENT_ASSET_PATHS = "\"SyncUps/Preview Content\"";
				DEVELOPMENT_TEAM = 84KVA58HW2;
				ENABLE_PREVIEWS = YES;
				GENERATE_INFOPLIST_FILE = YES;
				INFOPLIST_KEY_UIApplicationSceneManifest_Generation = YES;
				INFOPLIST_KEY_UIApplicationSupportsIndirectInputEvents = YES;
				INFOPLIST_KEY_UILaunchScreen_Generation = YES;
				INFOPLIST_KEY_UISupportedInterfaceOrientations_iPad = "UIInterfaceOrientationPortrait UIInterfaceOrientationPortraitUpsideDown UIInterfaceOrientationLandscapeLeft UIInterfaceOrientationLandscapeRight";
				INFOPLIST_KEY_UISupportedInterfaceOrientations_iPhone = "UIInterfaceOrientationPortrait UIInterfaceOrientationLandscapeLeft UIInterfaceOrientationLandscapeRight";
				LD_RUNPATH_SEARCH_PATHS = (
					"$(inherited)",
					"@executable_path/Frameworks",
				);
				MARKETING_VERSION = 1.0;
				PRODUCT_BUNDLE_IDENTIFIER = com.microeditionbiz.SyncUps;
				PRODUCT_NAME = "$(TARGET_NAME)";
				SWIFT_EMIT_LOC_STRINGS = YES;
				SWIFT_VERSION = 5.0;
				TARGETED_DEVICE_FAMILY = "1,2";
			};
			name = Debug;
		};
		B179DB3C2BEEE351008D47FD /* Release */ = {
			isa = XCBuildConfiguration;
			buildSettings = {
				ASSETCATALOG_COMPILER_APPICON_NAME = AppIcon;
				ASSETCATALOG_COMPILER_GLOBAL_ACCENT_COLOR_NAME = AccentColor;
				CODE_SIGN_STYLE = Automatic;
				CURRENT_PROJECT_VERSION = 1;
				DEVELOPMENT_ASSET_PATHS = "\"SyncUps/Preview Content\"";
				DEVELOPMENT_TEAM = 84KVA58HW2;
				ENABLE_PREVIEWS = YES;
				GENERATE_INFOPLIST_FILE = YES;
				INFOPLIST_KEY_UIApplicationSceneManifest_Generation = YES;
				INFOPLIST_KEY_UIApplicationSupportsIndirectInputEvents = YES;
				INFOPLIST_KEY_UILaunchScreen_Generation = YES;
				INFOPLIST_KEY_UISupportedInterfaceOrientations_iPad = "UIInterfaceOrientationPortrait UIInterfaceOrientationPortraitUpsideDown UIInterfaceOrientationLandscapeLeft UIInterfaceOrientationLandscapeRight";
				INFOPLIST_KEY_UISupportedInterfaceOrientations_iPhone = "UIInterfaceOrientationPortrait UIInterfaceOrientationLandscapeLeft UIInterfaceOrientationLandscapeRight";
				LD_RUNPATH_SEARCH_PATHS = (
					"$(inherited)",
					"@executable_path/Frameworks",
				);
				MARKETING_VERSION = 1.0;
				PRODUCT_BUNDLE_IDENTIFIER = com.microeditionbiz.SyncUps;
				PRODUCT_NAME = "$(TARGET_NAME)";
				SWIFT_EMIT_LOC_STRINGS = YES;
				SWIFT_VERSION = 5.0;
				TARGETED_DEVICE_FAMILY = "1,2";
			};
			name = Release;
		};
		B179DB3E2BEEE351008D47FD /* Debug */ = {
			isa = XCBuildConfiguration;
			buildSettings = {
				ALWAYS_EMBED_SWIFT_STANDARD_LIBRARIES = YES;
				BUNDLE_LOADER = "$(TEST_HOST)";
				CODE_SIGN_STYLE = Automatic;
				CURRENT_PROJECT_VERSION = 1;
				DEVELOPMENT_TEAM = 84KVA58HW2;
				GENERATE_INFOPLIST_FILE = YES;
				IPHONEOS_DEPLOYMENT_TARGET = 17.4;
				MARKETING_VERSION = 1.0;
				PRODUCT_BUNDLE_IDENTIFIER = com.microeditionbiz.SyncUpsTests;
				PRODUCT_NAME = "$(TARGET_NAME)";
				SWIFT_EMIT_LOC_STRINGS = NO;
				SWIFT_VERSION = 5.0;
				TARGETED_DEVICE_FAMILY = "1,2";
				TEST_HOST = "$(BUILT_PRODUCTS_DIR)/SyncUps.app/$(BUNDLE_EXECUTABLE_FOLDER_PATH)/SyncUps";
			};
			name = Debug;
		};
		B179DB3F2BEEE351008D47FD /* Release */ = {
			isa = XCBuildConfiguration;
			buildSettings = {
				ALWAYS_EMBED_SWIFT_STANDARD_LIBRARIES = YES;
				BUNDLE_LOADER = "$(TEST_HOST)";
				CODE_SIGN_STYLE = Automatic;
				CURRENT_PROJECT_VERSION = 1;
				DEVELOPMENT_TEAM = 84KVA58HW2;
				GENERATE_INFOPLIST_FILE = YES;
				IPHONEOS_DEPLOYMENT_TARGET = 17.4;
				MARKETING_VERSION = 1.0;
				PRODUCT_BUNDLE_IDENTIFIER = com.microeditionbiz.SyncUpsTests;
				PRODUCT_NAME = "$(TARGET_NAME)";
				SWIFT_EMIT_LOC_STRINGS = NO;
				SWIFT_VERSION = 5.0;
				TARGETED_DEVICE_FAMILY = "1,2";
				TEST_HOST = "$(BUILT_PRODUCTS_DIR)/SyncUps.app/$(BUNDLE_EXECUTABLE_FOLDER_PATH)/SyncUps";
			};
			name = Release;
		};
		B179DB412BEEE351008D47FD /* Debug */ = {
			isa = XCBuildConfiguration;
			buildSettings = {
				ALWAYS_EMBED_SWIFT_STANDARD_LIBRARIES = YES;
				CODE_SIGN_STYLE = Automatic;
				CURRENT_PROJECT_VERSION = 1;
				DEVELOPMENT_TEAM = 84KVA58HW2;
				GENERATE_INFOPLIST_FILE = YES;
				MARKETING_VERSION = 1.0;
				PRODUCT_BUNDLE_IDENTIFIER = com.microeditionbiz.SyncUpsUITests;
				PRODUCT_NAME = "$(TARGET_NAME)";
				SWIFT_EMIT_LOC_STRINGS = NO;
				SWIFT_VERSION = 5.0;
				TARGETED_DEVICE_FAMILY = "1,2";
				TEST_TARGET_NAME = SyncUps;
			};
			name = Debug;
		};
		B179DB422BEEE351008D47FD /* Release */ = {
			isa = XCBuildConfiguration;
			buildSettings = {
				ALWAYS_EMBED_SWIFT_STANDARD_LIBRARIES = YES;
				CODE_SIGN_STYLE = Automatic;
				CURRENT_PROJECT_VERSION = 1;
				DEVELOPMENT_TEAM = 84KVA58HW2;
				GENERATE_INFOPLIST_FILE = YES;
				MARKETING_VERSION = 1.0;
				PRODUCT_BUNDLE_IDENTIFIER = com.microeditionbiz.SyncUpsUITests;
				PRODUCT_NAME = "$(TARGET_NAME)";
				SWIFT_EMIT_LOC_STRINGS = NO;
				SWIFT_VERSION = 5.0;
				TARGETED_DEVICE_FAMILY = "1,2";
				TEST_TARGET_NAME = SyncUps;
			};
			name = Release;
		};
/* End XCBuildConfiguration section */

/* Begin XCConfigurationList section */
		B179DB112BEEE350008D47FD /* Build configuration list for PBXProject "SyncUps" */ = {
			isa = XCConfigurationList;
			buildConfigurations = (
				B179DB382BEEE351008D47FD /* Debug */,
				B179DB392BEEE351008D47FD /* Release */,
			);
			defaultConfigurationIsVisible = 0;
			defaultConfigurationName = Release;
		};
		B179DB3A2BEEE351008D47FD /* Build configuration list for PBXNativeTarget "SyncUps" */ = {
			isa = XCConfigurationList;
			buildConfigurations = (
				B179DB3B2BEEE351008D47FD /* Debug */,
				B179DB3C2BEEE351008D47FD /* Release */,
			);
			defaultConfigurationIsVisible = 0;
			defaultConfigurationName = Release;
		};
		B179DB3D2BEEE351008D47FD /* Build configuration list for PBXNativeTarget "SyncUpsTests" */ = {
			isa = XCConfigurationList;
			buildConfigurations = (
				B179DB3E2BEEE351008D47FD /* Debug */,
				B179DB3F2BEEE351008D47FD /* Release */,
			);
			defaultConfigurationIsVisible = 0;
			defaultConfigurationName = Release;
		};
		B179DB402BEEE351008D47FD /* Build configuration list for PBXNativeTarget "SyncUpsUITests" */ = {
			isa = XCConfigurationList;
			buildConfigurations = (
				B179DB412BEEE351008D47FD /* Debug */,
				B179DB422BEEE351008D47FD /* Release */,
			);
			defaultConfigurationIsVisible = 0;
			defaultConfigurationName = Release;
		};
/* End XCConfigurationList section */

/* Begin XCRemoteSwiftPackageReference section */
		B179DB432BEEE3A7008D47FD /* XCRemoteSwiftPackageReference "swift-composable-architecture" */ = {
			isa = XCRemoteSwiftPackageReference;
			repositoryURL = "https://github.com/pointfreeco/swift-composable-architecture.git";
			requirement = {
				kind = upToNextMajorVersion;
				minimumVersion = 1.10.3;
			};
		};
		B179DB482BEF8583008D47FD /* XCRemoteSwiftPackageReference "swift-tagged" */ = {
			isa = XCRemoteSwiftPackageReference;
			repositoryURL = "https://github.com/pointfreeco/swift-tagged.git";
			requirement = {
				kind = upToNextMajorVersion;
				minimumVersion = 0.10.0;
			};
		};
/* End XCRemoteSwiftPackageReference section */

/* Begin XCSwiftPackageProductDependency section */
		B179DB442BEEE3A7008D47FD /* ComposableArchitecture */ = {
			isa = XCSwiftPackageProductDependency;
			package = B179DB432BEEE3A7008D47FD /* XCRemoteSwiftPackageReference "swift-composable-architecture" */;
			productName = ComposableArchitecture;
		};
		B179DB492BEF8583008D47FD /* Tagged */ = {
			isa = XCSwiftPackageProductDependency;
			package = B179DB482BEF8583008D47FD /* XCRemoteSwiftPackageReference "swift-tagged" */;
			productName = Tagged;
		};
/* End XCSwiftPackageProductDependency section */
	};
	rootObject = B179DB0E2BEEE350008D47FD /* Project object */;
}
